{
  "requires": true,
  "lockfileVersion": 1,
  "dependencies": {
    "@ryancavanaugh/cordova-plugin-insomnia": {
      "version": "4.0.15-alpha",
      "resolved": "https://registry.npmjs.org/@ryancavanaugh/cordova-plugin-insomnia/-/cordova-plugin-insomnia-4.0.15-alpha.tgz",
      "integrity": "sha1-oyofCNclLs0oKe5cfrSDsWczirE="
    },
    "cordova-plugin-background-mode": {
      "version": "0.7.2",
      "resolved": "https://registry.npmjs.org/cordova-plugin-background-mode/-/cordova-plugin-background-mode-0.7.2.tgz",
      "integrity": "sha1-6vVjnAZahyMbPs91em4osQHQMy8="
    },
    "cordova-plugin-device": {
      "version": "2.0.3",
      "resolved": "https://registry.npmjs.org/cordova-plugin-device/-/cordova-plugin-device-2.0.3.tgz",
      "integrity": "sha512-Jb3V72btxf3XHpkPQsGdyc8N6tVBYn1vsxSFj43fIz9vonJDUThYPCJJHqk6PX6N4dJw6I4FjxkpfCR4LDYMlw=="
    },
    "cordova-plugin-insomnia": {
      "version": "git+https://github.com/EddyVerbruggen/Insomnia-PhoneGap-Plugin.git#8d2c3b01fc0c11d9bc36bc1b5f9a141bd097f908",
      "from": "git+https://github.com/EddyVerbruggen/Insomnia-PhoneGap-Plugin.git"
    },
    "io.gvox.plugin.phonecalltrap": {
      "version": "0.1.2",
      "resolved": "https://registry.npmjs.org/io.gvox.plugin.phonecalltrap/-/io.gvox.plugin.phonecalltrap-0.1.2.tgz",
      "integrity": "sha1-JvJTnWuTW//ptYEHDS1YJ2WNJDs="
    }
  }
}
